// !$*UTF8*$!
{
	archiveVersion = 1;
	classes = {
	};
	objectVersion = 77;
	objects = {

/* Begin PBXBuildFile section */
		003E646DC8A61AC3812A623A /* WalletPresenter.swift in Sources */ = {isa = PBXBuildFile; fileRef = 1D0D485E8E2B4B02FC945F9C /* WalletPresenter.swift */; };
		031731B8F7CB0DB60E36965E /* PhotoImportView.swift in Sources */ = {isa = PBXBuildFile; fileRef = 8785A1542D28E66674E87567 /* PhotoImportView.swift */; };
		15DAA7D09B3C0A810D95D76F /* Passo.storekit in Resources */ = {isa = PBXBuildFile; fileRef = 130949084EA1B9812008F736 /* Passo.storekit */; };
		1ABD982041FF0E0D14B84B3F /* WalletView.swift in Sources */ = {isa = PBXBuildFile; fileRef = 3AC67683C5D8ACEE177AA30B /* WalletView.swift */; };
		1CB0D3834B69332BBE6EC3D7 /* CardPaletteTests.swift in Sources */ = {isa = PBXBuildFile; fileRef = 3A02BA31F911265091B683D7 /* CardPaletteTests.swift */; };
		2367D51AFA90F491EBD95588 /* PassBuilderTests.swift in Sources */ = {isa = PBXBuildFile; fileRef = A6650C39ED4A591466089266 /* PassBuilderTests.swift */; };
		2E39365D20EBD50AB9BF8BFD /* TicketCardView.swift in Sources */ = {isa = PBXBuildFile; fileRef = F056606A6ADCE2DECE67CFD1 /* TicketCardView.swift */; };
		33344080FC2090B0E75E3012 /* ImportQuotaTests.swift in Sources */ = {isa = PBXBuildFile; fileRef = 954D8C922DB7D11CFEC22FF6 /* ImportQuotaTests.swift */; };
		347F9E1028F31F2A08F5052C /* SettingsView.swift in Sources */ = {isa = PBXBuildFile; fileRef = 9EEDC446E43178C3565AFF53 /* SettingsView.swift */; };
		3AB947B2F7597ADB274B85C9 /* ReminderService.swift in Sources */ = {isa = PBXBuildFile; fileRef = 34380143A1056CF5DF006171 /* ReminderService.swift */; };
		3AEBCE9DA388017D5D7AED13 /* ScreenshotImportView.swift in Sources */ = {isa = PBXBuildFile; fileRef = D516DDC4C03CC891607C4B49 /* ScreenshotImportView.swift */; };
		40E858CA92E0767DDF7D29F3 /* TicketModelTests.swift in Sources */ = {isa = PBXBuildFile; fileRef = EE169E8AD9AAFB1F47FADF29 /* TicketModelTests.swift */; };
		452FE746D302E74BA0E40581 /* ArchiveView.swift in Sources */ = {isa = PBXBuildFile; fileRef = 860470D6261E032B5AA6C4F3 /* ArchiveView.swift */; };
		57424267B76A02553DCA4D5D /* AppTheme.swift in Sources */ = {isa = PBXBuildFile; fileRef = E0A65A73C8BED644269BF1DA /* AppTheme.swift */; };
		698DB139BFF2BBFDBE4DCA51 /* ScanView.swift in Sources */ = {isa = PBXBuildFile; fileRef = 0EA0887C01B87EB0EF76CA62 /* ScanView.swift */; };
		6ED0D67F72EEFDFAADCE4B9B /* CameraService.swift in Sources */ = {isa = PBXBuildFile; fileRef = 0C0EEE25F45C15570C3516D9 /* CameraService.swift */; };
		700999EB5649B621B1161297 /* TicketParser.swift in Sources */ = {isa = PBXBuildFile; fileRef = EAC63ABB292ACF839C7C55C1 /* TicketParser.swift */; };
		819E0F3E928A7C6ECC790C07 /* CardPalette.swift in Sources */ = {isa = PBXBuildFile; fileRef = 71F0872B27BE659482EAE3E8 /* CardPalette.swift */; };
		81F62E5F929E980C065E6A6E /* Localizable.xcstrings in Resources */ = {isa = PBXBuildFile; fileRef = 98D1F43C8F8EDB62BD860B15 /* Localizable.xcstrings */; };
		84C7CE115C0D3557EF6F5DDC /* PassDetailView.swift in Sources */ = {isa = PBXBuildFile; fileRef = 1A04F3BB9D8DF2E510103862 /* PassDetailView.swift */; };
		8D759A8B0C6609A5C403174A /* CardWalletView.swift in Sources */ = {isa = PBXBuildFile; fileRef = 95E2D5DDBDF0CF7C7BB75A84 /* CardWalletView.swift */; };
		92E38410C52186A2F117578C /* ContentView.swift in Sources */ = {isa = PBXBuildFile; fileRef = A7372016D63A2348DAD153AE /* ContentView.swift */; };
		99B2A05CF21020DCCA6CE3DE /* PassoApp.swift in Sources */ = {isa = PBXBuildFile; fileRef = 779091FEBA240173A77EE3AC /* PassoApp.swift */; };
		A10C0CBCED3D61588DE5F225 /* RecognitionConfirmView.swift in Sources */ = {isa = PBXBuildFile; fileRef = 52B6103FEDB9C1AB75B55EB1 /* RecognitionConfirmView.swift */; };
		A366705574C7FF4B0DDA0D36 /* ShareViewController.swift in Sources */ = {isa = PBXBuildFile; fileRef = 161D2CD54A35C6FA4BDD7D4B /* ShareViewController.swift */; };
		A4859846C376E0AD552EC30C /* OnboardingView.swift in Sources */ = {isa = PBXBuildFile; fileRef = AE0E16382929ECB8BF76D636 /* OnboardingView.swift */; };
		A844A58E48C32F0373EEDDB2 /* SigningService.swift in Sources */ = {isa = PBXBuildFile; fileRef = 7414454046D0D20E7B0A3BC0 /* SigningService.swift */; };
		B144C5040E6BA63E1FBA3254 /* RenewalSheet.swift in Sources */ = {isa = PBXBuildFile; fileRef = 8AA1A7239455449A246A2683 /* RenewalSheet.swift */; };
		B8437754757FD9CFA80BB72C /* Ticket.swift in Sources */ = {isa = PBXBuildFile; fileRef = 5EB4FFFB3E5323A44702A848 /* Ticket.swift */; };
		BB8E8003CD161D5635D2FCC3 /* GlassCardView.swift in Sources */ = {isa = PBXBuildFile; fileRef = 56B3637ABE30F5345353721C /* GlassCardView.swift */; };
		BCAB63311E2C8AF9756404BF /* StoreService.swift in Sources */ = {isa = PBXBuildFile; fileRef = FCE1EC0A750A2164DE38A167 /* StoreService.swift */; };
		C95D66DC169C0C63A51DDC97 /* ShareImportService.swift in Sources */ = {isa = PBXBuildFile; fileRef = CAF46936704AE3E9E67560C2 /* ShareImportService.swift */; };
		D5A002BA5101A4D7409F8268 /* ProUpgradeSheet.swift in Sources */ = {isa = PBXBuildFile; fileRef = 0C1DF6A4D119802D65B15991 /* ProUpgradeSheet.swift */; };
		E0E127DEAED7F0F6ED9C98F4 /* PassBuilder.swift in Sources */ = {isa = PBXBuildFile; fileRef = 21CCD280CACB4267082FB60B /* PassBuilder.swift */; };
		E21994F89A5B401CF4B92353 /* TicketParserTests.swift in Sources */ = {isa = PBXBuildFile; fileRef = 5BA6BE4619F4C8BEB0074DE6 /* TicketParserTests.swift */; };
		EBC81943CD6E37640B2A2678 /* PassoUITests.swift in Sources */ = {isa = PBXBuildFile; fileRef = 1A1E7D0B3F933B3A26880CC9 /* PassoUITests.swift */; };
/* End PBXBuildFile section */

/* Begin PBXContainerItemProxy section */
		4CEF348F132F6BEF5549E3AD /* PBXContainerItemProxy */ = {
			isa = PBXContainerItemProxy;
			containerPortal = 94067BF3B1AA1391FB21C835 /* Project object */;
			proxyType = 1;
			remoteGlobalIDString = F5BD4D1EC7FCCFCC2C7706B6;
			remoteInfo = Passo;
		};
		CCCA55A7346CB00D4CA76D92 /* PBXContainerItemProxy */ = {
			isa = PBXContainerItemProxy;
			containerPortal = 94067BF3B1AA1391FB21C835 /* Project object */;
			proxyType = 1;
			remoteGlobalIDString = F5BD4D1EC7FCCFCC2C7706B6;
			remoteInfo = Passo;
		};
/* End PBXContainerItemProxy section */

/* Begin PBXFileReference section */
		0C0EEE25F45C15570C3516D9 /* CameraService.swift */ = {isa = PBXFileReference; lastKnownFileType = sourcecode.swift; path = CameraService.swift; sourceTree = "<group>"; };
		0C1DF6A4D119802D65B15991 /* ProUpgradeSheet.swift */ = {isa = PBXFileReference; lastKnownFileType = sourcecode.swift; path = ProUpgradeSheet.swift; sourceTree = "<group>"; };
		0EA0887C01B87EB0EF76CA62 /* ScanView.swift */ = {isa = PBXFileReference; lastKnownFileType = sourcecode.swift; path = ScanView.swift; sourceTree = "<group>"; };
		130949084EA1B9812008F736 /* Passo.storekit */ = {isa = PBXFileReference; path = Passo.storekit; sourceTree = "<group>"; };
		161D2CD54A35C6FA4BDD7D4B /* ShareViewController.swift */ = {isa = PBXFileReference; lastKnownFileType = sourcecode.swift; path = ShareViewController.swift; sourceTree = "<group>"; };
		1A04F3BB9D8DF2E510103862 /* PassDetailView.swift */ = {isa = PBXFileReference; lastKnownFileType = sourcecode.swift; path = PassDetailView.swift; sourceTree = "<group>"; };
		1A1E7D0B3F933B3A26880CC9 /* PassoUITests.swift */ = {isa = PBXFileReference; lastKnownFileType = sourcecode.swift; path = PassoUITests.swift; sourceTree = "<group>"; };
		1D0D485E8E2B4B02FC945F9C /* WalletPresenter.swift */ = {isa = PBXFileReference; lastKnownFileType = sourcecode.swift; path = WalletPresenter.swift; sourceTree = "<group>"; };
		21CCD280CACB4267082FB60B /* PassBuilder.swift */ = {isa = PBXFileReference; lastKnownFileType = sourcecode.swift; path = PassBuilder.swift; sourceTree = "<group>"; };
		34380143A1056CF5DF006171 /* ReminderService.swift */ = {isa = PBXFileReference; lastKnownFileType = sourcecode.swift; path = ReminderService.swift; sourceTree = "<group>"; };
		3A02BA31F911265091B683D7 /* CardPaletteTests.swift */ = {isa = PBXFileReference; lastKnownFileType = sourcecode.swift; path = CardPaletteTests.swift; sourceTree = "<group>"; };
		3AC67683C5D8ACEE177AA30B /* WalletView.swift */ = {isa = PBXFileReference; lastKnownFileType = sourcecode.swift; path = WalletView.swift; sourceTree = "<group>"; };
		4F3EE53288228D726ED912E9 /* PassoShareExtension.entitlements */ = {isa = PBXFileReference; lastKnownFileType = text.plist.entitlements; path = PassoShareExtension.entitlements; sourceTree = "<group>"; };
		52B6103FEDB9C1AB75B55EB1 /* RecognitionConfirmView.swift */ = {isa = PBXFileReference; lastKnownFileType = sourcecode.swift; path = RecognitionConfirmView.swift; sourceTree = "<group>"; };
		56B3637ABE30F5345353721C /* GlassCardView.swift */ = {isa = PBXFileReference; lastKnownFileType = sourcecode.swift; path = GlassCardView.swift; sourceTree = "<group>"; };
		5BA6BE4619F4C8BEB0074DE6 /* TicketParserTests.swift */ = {isa = PBXFileReference; lastKnownFileType = sourcecode.swift; path = TicketParserTests.swift; sourceTree = "<group>"; };
		5EB4FFFB3E5323A44702A848 /* Ticket.swift */ = {isa = PBXFileReference; lastKnownFileType = sourcecode.swift; path = Ticket.swift; sourceTree = "<group>"; };
		6B793F634581EDB604F0042D /* PassoShareExtension.appex */ = {isa = PBXFileReference; includeInIndex = 0; lastKnownFileType = "wrapper.app-extension"; path = PassoShareExtension.appex; sourceTree = BUILT_PRODUCTS_DIR; };
		71F0872B27BE659482EAE3E8 /* CardPalette.swift */ = {isa = PBXFileReference; lastKnownFileType = sourcecode.swift; path = CardPalette.swift; sourceTree = "<group>"; };
		7414454046D0D20E7B0A3BC0 /* SigningService.swift */ = {isa = PBXFileReference; lastKnownFileType = sourcecode.swift; path = SigningService.swift; sourceTree = "<group>"; };
		779091FEBA240173A77EE3AC /* PassoApp.swift */ = {isa = PBXFileReference; lastKnownFileType = sourcecode.swift; path = PassoApp.swift; sourceTree = "<group>"; };
		860470D6261E032B5AA6C4F3 /* ArchiveView.swift */ = {isa = PBXFileReference; lastKnownFileType = sourcecode.swift; path = ArchiveView.swift; sourceTree = "<group>"; };
		8785A1542D28E66674E87567 /* PhotoImportView.swift */ = {isa = PBXFileReference; lastKnownFileType = sourcecode.swift; path = PhotoImportView.swift; sourceTree = "<group>"; };
		8AA1A7239455449A246A2683 /* RenewalSheet.swift */ = {isa = PBXFileReference; lastKnownFileType = sourcecode.swift; path = RenewalSheet.swift; sourceTree = "<group>"; };
		954D8C922DB7D11CFEC22FF6 /* ImportQuotaTests.swift */ = {isa = PBXFileReference; lastKnownFileType = sourcecode.swift; path = ImportQuotaTests.swift; sourceTree = "<group>"; };
		95E2D5DDBDF0CF7C7BB75A84 /* CardWalletView.swift */ = {isa = PBXFileReference; lastKnownFileType = sourcecode.swift; path = CardWalletView.swift; sourceTree = "<group>"; };
		97BE5AE8813C3ACFEE794BCB /* PassoUITests.xctest */ = {isa = PBXFileReference; includeInIndex = 0; lastKnownFileType = wrapper.cfbundle; path = PassoUITests.xctest; sourceTree = BUILT_PRODUCTS_DIR; };
		97C9F3780B86FBC897F44E9A /* Passo.entitlements */ = {isa = PBXFileReference; lastKnownFileType = text.plist.entitlements; path = Passo.entitlements; sourceTree = "<group>"; };
		98D1F43C8F8EDB62BD860B15 /* Localizable.xcstrings */ = {isa = PBXFileReference; lastKnownFileType = text.json.xcstrings; path = Localizable.xcstrings; sourceTree = "<group>"; };
		9EEDC446E43178C3565AFF53 /* SettingsView.swift */ = {isa = PBXFileReference; lastKnownFileType = sourcecode.swift; path = SettingsView.swift; sourceTree = "<group>"; };
		A5828C11113B0230DCC90670 /* Info.plist */ = {isa = PBXFileReference; lastKnownFileType = text.plist; path = Info.plist; sourceTree = "<group>"; };
		A5F4B2C44AB8A2B9891D9637 /* PassoTests.xctest */ = {isa = PBXFileReference; includeInIndex = 0; lastKnownFileType = wrapper.cfbundle; path = PassoTests.xctest; sourceTree = BUILT_PRODUCTS_DIR; };
		A6650C39ED4A591466089266 /* PassBuilderTests.swift */ = {isa = PBXFileReference; lastKnownFileType = sourcecode.swift; path = PassBuilderTests.swift; sourceTree = "<group>"; };
		A7372016D63A2348DAD153AE /* ContentView.swift */ = {isa = PBXFileReference; lastKnownFileType = sourcecode.swift; path = ContentView.swift; sourceTree = "<group>"; };
		AE0E16382929ECB8BF76D636 /* OnboardingView.swift */ = {isa = PBXFileReference; lastKnownFileType = sourcecode.swift; path = OnboardingView.swift; sourceTree = "<group>"; };
		C40D0BBFE1FBA5D4F792822E /* Info.plist */ = {isa = PBXFileReference; lastKnownFileType = text.plist; path = Info.plist; sourceTree = "<group>"; };
		C536FDC78C8D1D8B55083031 /* Passo.app */ = {isa = PBXFileReference; includeInIndex = 0; lastKnownFileType = wrapper.application; path = Passo.app; sourceTree = BUILT_PRODUCTS_DIR; };
		CAF46936704AE3E9E67560C2 /* ShareImportService.swift */ = {isa = PBXFileReference; lastKnownFileType = sourcecode.swift; path = ShareImportService.swift; sourceTree = "<group>"; };
		D516DDC4C03CC891607C4B49 /* ScreenshotImportView.swift */ = {isa = PBXFileReference; lastKnownFileType = sourcecode.swift; path = ScreenshotImportView.swift; sourceTree = "<group>"; };
		E0A65A73C8BED644269BF1DA /* AppTheme.swift */ = {isa = PBXFileReference; lastKnownFileType = sourcecode.swift; path = AppTheme.swift; sourceTree = "<group>"; };
		EAC63ABB292ACF839C7C55C1 /* TicketParser.swift */ = {isa = PBXFileReference; lastKnownFileType = sourcecode.swift; path = TicketParser.swift; sourceTree = "<group>"; };
		EE169E8AD9AAFB1F47FADF29 /* TicketModelTests.swift */ = {isa = PBXFileReference; lastKnownFileType = sourcecode.swift; path = TicketModelTests.swift; sourceTree = "<group>"; };
		F056606A6ADCE2DECE67CFD1 /* TicketCardView.swift */ = {isa = PBXFileReference; lastKnownFileType = sourcecode.swift; path = TicketCardView.swift; sourceTree = "<group>"; };
		FCE1EC0A750A2164DE38A167 /* StoreService.swift */ = {isa = PBXFileReference; lastKnownFileType = sourcecode.swift; path = StoreService.swift; sourceTree = "<group>"; };
/* End PBXFileReference section */

/* Begin PBXGroup section */
		01A1081E4EC431692BC4F3A3 /* Components */ = {
			isa = PBXGroup;
			children = (
				56B3637ABE30F5345353721C /* GlassCardView.swift */,
				8AA1A7239455449A246A2683 /* RenewalSheet.swift */,
				F056606A6ADCE2DECE67CFD1 /* TicketCardView.swift */,
			);
			path = Components;
			sourceTree = "<group>";
		};
		02C7C63CEE31B9E351DD027A /* Onboarding */ = {
			isa = PBXGroup;
			children = (
				AE0E16382929ECB8BF76D636 /* OnboardingView.swift */,
			);
			path = Onboarding;
			sourceTree = "<group>";
		};
		0F94FF738C34C02755004D4F /* PassoShareExtension */ = {
			isa = PBXGroup;
			children = (
				C40D0BBFE1FBA5D4F792822E /* Info.plist */,
				4F3EE53288228D726ED912E9 /* PassoShareExtension.entitlements */,
				161D2CD54A35C6FA4BDD7D4B /* ShareViewController.swift */,
			);
			path = PassoShareExtension;
			sourceTree = "<group>";
		};
		301D739E8F31B59796D45D55 /* Passo */ = {
			isa = PBXGroup;
			children = (
				A7372016D63A2348DAD153AE /* ContentView.swift */,
				A5828C11113B0230DCC90670 /* Info.plist */,
				98D1F43C8F8EDB62BD860B15 /* Localizable.xcstrings */,
				97C9F3780B86FBC897F44E9A /* Passo.entitlements */,
				130949084EA1B9812008F736 /* Passo.storekit */,
				779091FEBA240173A77EE3AC /* PassoApp.swift */,
				01A1081E4EC431692BC4F3A3 /* Components */,
				4948FFFE7C6B79219A911331 /* Models */,
				E35FF9A3783AA21C64034396 /* Services */,
				EA19BA169B24FA4EFD0794FE /* Theme */,
				F577ED28142E3E3BF7FAA917 /* Views */,
			);
			path = Passo;
			sourceTree = "<group>";
		};
		3D9024CE57946DB54E7BDA9B /* PassoUITests */ = {
			isa = PBXGroup;
			children = (
				1A1E7D0B3F933B3A26880CC9 /* PassoUITests.swift */,
			);
			path = PassoUITests;
			sourceTree = "<group>";
		};
		4948FFFE7C6B79219A911331 /* Models */ = {
			isa = PBXGroup;
			children = (
				5EB4FFFB3E5323A44702A848 /* Ticket.swift */,
			);
			path = Models;
			sourceTree = "<group>";
		};
		4B46088BBA993A5BE3E8774B /* Detail */ = {
			isa = PBXGroup;
			children = (
				1A04F3BB9D8DF2E510103862 /* PassDetailView.swift */,
			);
			path = Detail;
			sourceTree = "<group>";
		};
		9C6EC51AC3FB30FD2D921FAA /* Settings */ = {
			isa = PBXGroup;
			children = (
				0C1DF6A4D119802D65B15991 /* ProUpgradeSheet.swift */,
				D516DDC4C03CC891607C4B49 /* ScreenshotImportView.swift */,
				9EEDC446E43178C3565AFF53 /* SettingsView.swift */,
			);
			path = Settings;
			sourceTree = "<group>";
		};
		9F2EB66CC34EA10D876FC799 /* Products */ = {
			isa = PBXGroup;
			children = (
				C536FDC78C8D1D8B55083031 /* Passo.app */,
				6B793F634581EDB604F0042D /* PassoShareExtension.appex */,
				A5F4B2C44AB8A2B9891D9637 /* PassoTests.xctest */,
				97BE5AE8813C3ACFEE794BCB /* PassoUITests.xctest */,
			);
			name = Products;
			sourceTree = "<group>";
		};
		A2BB0BCF73EF612C51F37EEC /* Scan */ = {
			isa = PBXGroup;
			children = (
				8785A1542D28E66674E87567 /* PhotoImportView.swift */,
				52B6103FEDB9C1AB75B55EB1 /* RecognitionConfirmView.swift */,
				0EA0887C01B87EB0EF76CA62 /* ScanView.swift */,
			);
			path = Scan;
			sourceTree = "<group>";
		};
		C4B4955E40D33D4E1477343E /* Wallet */ = {
			isa = PBXGroup;
			children = (
				860470D6261E032B5AA6C4F3 /* ArchiveView.swift */,
				95E2D5DDBDF0CF7C7BB75A84 /* CardWalletView.swift */,
				3AC67683C5D8ACEE177AA30B /* WalletView.swift */,
			);
			path = Wallet;
			sourceTree = "<group>";
		};
		D3E35CA4EA9F007ACDDDFB94 /* PassoTests */ = {
			isa = PBXGroup;
			children = (
				3A02BA31F911265091B683D7 /* CardPaletteTests.swift */,
				954D8C922DB7D11CFEC22FF6 /* ImportQuotaTests.swift */,
				A6650C39ED4A591466089266 /* PassBuilderTests.swift */,
				EE169E8AD9AAFB1F47FADF29 /* TicketModelTests.swift */,
				5BA6BE4619F4C8BEB0074DE6 /* TicketParserTests.swift */,
			);
			path = PassoTests;
			sourceTree = "<group>";
		};
		E04ACFAE03756E7A22129A7D = {
			isa = PBXGroup;
			children = (
				301D739E8F31B59796D45D55 /* Passo */,
				0F94FF738C34C02755004D4F /* PassoShareExtension */,
				D3E35CA4EA9F007ACDDDFB94 /* PassoTests */,
				3D9024CE57946DB54E7BDA9B /* PassoUITests */,
				9F2EB66CC34EA10D876FC799 /* Products */,
			);
			sourceTree = "<group>";
		};
		E35FF9A3783AA21C64034396 /* Services */ = {
			isa = PBXGroup;
			children = (
				0C0EEE25F45C15570C3516D9 /* CameraService.swift */,
				21CCD280CACB4267082FB60B /* PassBuilder.swift */,
				34380143A1056CF5DF006171 /* ReminderService.swift */,
				CAF46936704AE3E9E67560C2 /* ShareImportService.swift */,
				7414454046D0D20E7B0A3BC0 /* SigningService.swift */,
				FCE1EC0A750A2164DE38A167 /* StoreService.swift */,
				EAC63ABB292ACF839C7C55C1 /* TicketParser.swift */,
				1D0D485E8E2B4B02FC945F9C /* WalletPresenter.swift */,
			);
			path = Services;
			sourceTree = "<group>";
		};
		EA19BA169B24FA4EFD0794FE /* Theme */ = {
			isa = PBXGroup;
			children = (
				E0A65A73C8BED644269BF1DA /* AppTheme.swift */,
				71F0872B27BE659482EAE3E8 /* CardPalette.swift */,
			);
			path = Theme;
			sourceTree = "<group>";
		};
		F577ED28142E3E3BF7FAA917 /* Views */ = {
			isa = PBXGroup;
			children = (
				4B46088BBA993A5BE3E8774B /* Detail */,
				02C7C63CEE31B9E351DD027A /* Onboarding */,
				A2BB0BCF73EF612C51F37EEC /* Scan */,
				9C6EC51AC3FB30FD2D921FAA /* Settings */,
				C4B4955E40D33D4E1477343E /* Wallet */,
			);
			path = Views;
			sourceTree = "<group>";
		};
/* End PBXGroup section */

/* Begin PBXNativeTarget section */
		AB9074CAFA5C74A51D496C34 /* PassoUITests */ = {
			isa = PBXNativeTarget;
			buildConfigurationList = 48C6DE6E320A5FDC40200609 /* Build configuration list for PBXNativeTarget "PassoUITests" */;
			buildPhases = (
				AECB75419AAB7CA8F51F652B /* Sources */,
			);
			buildRules = (
			);
			dependencies = (
				DF30AEC9E79AC8596E65688B /* PBXTargetDependency */,
			);
			name = PassoUITests;
			packageProductDependencies = (
			);
			productName = PassoUITests;
			productReference = 97BE5AE8813C3ACFEE794BCB /* PassoUITests.xctest */;
			productType = "com.apple.product-type.bundle.ui-testing";
		};
		C5E8BC934039E0239441323C /* PassoTests */ = {
			isa = PBXNativeTarget;
			buildConfigurationList = 560ECD6ED6E750E0C967E2E3 /* Build configuration list for PBXNativeTarget "PassoTests" */;
			buildPhases = (
				089811561A328DE9030ADCDE /* Sources */,
			);
			buildRules = (
			);
			dependencies = (
				D59369665A444742A0248952 /* PBXTargetDependency */,
			);
			name = PassoTests;
			packageProductDependencies = (
			);
			productName = PassoTests;
			productReference = A5F4B2C44AB8A2B9891D9637 /* PassoTests.xctest */;
			productType = "com.apple.product-type.bundle.unit-test";
		};
		E2B7095B8E0E5D64B7254936 /* PassoShareExtension */ = {
			isa = PBXNativeTarget;
			buildConfigurationList = F02EC464140FB64F1E2369A6 /* Build configuration list for PBXNativeTarget "PassoShareExtension" */;
			buildPhases = (
				CC7E6DF39671EBB7397A817C /* Sources */,
			);
			buildRules = (
			);
			dependencies = (
			);
			name = PassoShareExtension;
			packageProductDependencies = (
			);
			productName = PassoShareExtension;
			productReference = 6B793F634581EDB604F0042D /* PassoShareExtension.appex */;
			productType = "com.apple.product-type.app-extension";
		};
		F5BD4D1EC7FCCFCC2C7706B6 /* Passo */ = {
			isa = PBXNativeTarget;
			buildConfigurationList = 3F777B85C6A09D636B653D64 /* Build configuration list for PBXNativeTarget "Passo" */;
			buildPhases = (
				A0FA1A95E2D0520F208180C5 /* Sources */,
				167F49B7981476B9D7E8EF4D /* Resources */,
			);
			buildRules = (
			);
			dependencies = (
			);
			name = Passo;
			packageProductDependencies = (
			);
			productName = Passo;
			productReference = C536FDC78C8D1D8B55083031 /* Passo.app */;
			productType = "com.apple.product-type.application";
		};
/* End PBXNativeTarget section */

/* Begin PBXProject section */
		94067BF3B1AA1391FB21C835 /* Project object */ = {
			isa = PBXProject;
			attributes = {
				BuildIndependentTargetsInParallel = YES;
				LastUpgradeCheck = 1600;
				TargetAttributes = {
					AB9074CAFA5C74A51D496C34 = {
						DevelopmentTeam = "";
						ProvisioningStyle = Automatic;
						TestTargetID = F5BD4D1EC7FCCFCC2C7706B6;
					};
					C5E8BC934039E0239441323C = {
						DevelopmentTeam = "";
						ProvisioningStyle = Automatic;
					};
					E2B7095B8E0E5D64B7254936 = {
						DevelopmentTeam = "";
						ProvisioningStyle = Automatic;
					};
					F5BD4D1EC7FCCFCC2C7706B6 = {
						DevelopmentTeam = "";
						ProvisioningStyle = Automatic;
					};
				};
			};
			buildConfigurationList = 8AB376E796037CF0E4AB6D8C /* Build configuration list for PBXProject "Passo" */;
			developmentRegion = "zh-Hans";
			hasScannedForEncodings = 0;
			knownRegions = (
				Base,
				en,
				"zh-Hans",
			);
			mainGroup = E04ACFAE03756E7A22129A7D;
			minimizedProjectReferenceProxies = 1;
			preferredProjectObjectVersion = 77;
			productRefGroup = 9F2EB66CC34EA10D876FC799 /* Products */;
			projectDirPath = "";
			projectRoot = "";
			targets = (
				F5BD4D1EC7FCCFCC2C7706B6 /* Passo */,
				E2B7095B8E0E5D64B7254936 /* PassoShareExtension */,
				C5E8BC934039E0239441323C /* PassoTests */,
				AB9074CAFA5C74A51D496C34 /* PassoUITests */,
			);
		};
/* End PBXProject section */

/* Begin PBXResourcesBuildPhase section */
		167F49B7981476B9D7E8EF4D /* Resources */ = {
			isa = PBXResourcesBuildPhase;
			buildActionMask = 2147483647;
			files = (
				81F62E5F929E980C065E6A6E /* Localizable.xcstrings in Resources */,
				15DAA7D09B3C0A810D95D76F /* Passo.storekit in Resources */,
			);
			runOnlyForDeploymentPostprocessing = 0;
		};
/* End PBXResourcesBuildPhase section */

/* Begin PBXSourcesBuildPhase section */
		089811561A328DE9030ADCDE /* Sources */ = {
			isa = PBXSourcesBuildPhase;
			buildActionMask = 2147483647;
			files = (
				1CB0D3834B69332BBE6EC3D7 /* CardPaletteTests.swift in Sources */,
				33344080FC2090B0E75E3012 /* ImportQuotaTests.swift in Sources */,
				2367D51AFA90F491EBD95588 /* PassBuilderTests.swift in Sources */,
				40E858CA92E0767DDF7D29F3 /* TicketModelTests.swift in Sources */,
				E21994F89A5B401CF4B92353 /* TicketParserTests.swift in Sources */,
			);
			runOnlyForDeploymentPostprocessing = 0;
		};
		A0FA1A95E2D0520F208180C5 /* Sources */ = {
			isa = PBXSourcesBuildPhase;
			buildActionMask = 2147483647;
			files = (
				57424267B76A02553DCA4D5D /* AppTheme.swift in Sources */,
				452FE746D302E74BA0E40581 /* ArchiveView.swift in Sources */,
				6ED0D67F72EEFDFAADCE4B9B /* CameraService.swift in Sources */,
				819E0F3E928A7C6ECC790C07 /* CardPalette.swift in Sources */,
				8D759A8B0C6609A5C403174A /* CardWalletView.swift in Sources */,
				92E38410C52186A2F117578C /* ContentView.swift in Sources */,
				BB8E8003CD161D5635D2FCC3 /* GlassCardView.swift in Sources */,
				A4859846C376E0AD552EC30C /* OnboardingView.swift in Sources */,
				E0E127DEAED7F0F6ED9C98F4 /* PassBuilder.swift in Sources */,
				84C7CE115C0D3557EF6F5DDC /* PassDetailView.swift in Sources */,
				99B2A05CF21020DCCA6CE3DE /* PassoApp.swift in Sources */,
				031731B8F7CB0DB60E36965E /* PhotoImportView.swift in Sources */,
				D5A002BA5101A4D7409F8268 /* ProUpgradeSheet.swift in Sources */,
				A10C0CBCED3D61588DE5F225 /* RecognitionConfirmView.swift in Sources */,
				3AB947B2F7597ADB274B85C9 /* ReminderService.swift in Sources */,
				B144C5040E6BA63E1FBA3254 /* RenewalSheet.swift in Sources */,
				698DB139BFF2BBFDBE4DCA51 /* ScanView.swift in Sources */,
				3AEBCE9DA388017D5D7AED13 /* ScreenshotImportView.swift in Sources */,
				347F9E1028F31F2A08F5052C /* SettingsView.swift in Sources */,
				C95D66DC169C0C63A51DDC97 /* ShareImportService.swift in Sources */,
				A844A58E48C32F0373EEDDB2 /* SigningService.swift in Sources */,
				BCAB63311E2C8AF9756404BF /* StoreService.swift in Sources */,
				B8437754757FD9CFA80BB72C /* Ticket.swift in Sources */,
				2E39365D20EBD50AB9BF8BFD /* TicketCardView.swift in Sources */,
				700999EB5649B621B1161297 /* TicketParser.swift in Sources */,
				003E646DC8A61AC3812A623A /* WalletPresenter.swift in Sources */,
				1ABD982041FF0E0D14B84B3F /* WalletView.swift in Sources */,
			);
			runOnlyForDeploymentPostprocessing = 0;
		};
		AECB75419AAB7CA8F51F652B /* Sources */ = {
			isa = PBXSourcesBuildPhase;
			buildActionMask = 2147483647;
			files = (
				EBC81943CD6E37640B2A2678 /* PassoUITests.swift in Sources */,
			);
			runOnlyForDeploymentPostprocessing = 0;
		};
		CC7E6DF39671EBB7397A817C /* Sources */ = {
			isa = PBXSourcesBuildPhase;
			buildActionMask = 2147483647;
			files = (
				A366705574C7FF4B0DDA0D36 /* ShareViewController.swift in Sources */,
			);
			runOnlyForDeploymentPostprocessing = 0;
		};
/* End PBXSourcesBuildPhase section */

/* Begin PBXTargetDependency section */
		D59369665A444742A0248952 /* PBXTargetDependency */ = {
			isa = PBXTargetDependency;
			target = F5BD4D1EC7FCCFCC2C7706B6 /* Passo */;
			targetProxy = CCCA55A7346CB00D4CA76D92 /* PBXContainerItemProxy */;
		};
		DF30AEC9E79AC8596E65688B /* PBXTargetDependency */ = {
			isa = PBXTargetDependency;
			target = F5BD4D1EC7FCCFCC2C7706B6 /* Passo */;
			targetProxy = 4CEF348F132F6BEF5549E3AD /* PBXContainerItemProxy */;
		};
/* End PBXTargetDependency section */

/* Begin XCBuildConfiguration section */
		0A3DC522C4596E6A81F5CDA8 /* Release */ = {
			isa = XCBuildConfiguration;
			buildSettings = {
				BUNDLE_LOADER = "$(TEST_HOST)";
				GENERATE_INFOPLIST_FILE = YES;
				IPHONEOS_DEPLOYMENT_TARGET = 17.0;
				LD_RUNPATH_SEARCH_PATHS = (
					"$(inherited)",
					"@executable_path/Frameworks",
					"@loader_path/Frameworks",
				);
				PRODUCT_BUNDLE_IDENTIFIER = com.passo.app.uitests;
				SDKROOT = iphoneos;
				SWIFT_STRICT_CONCURRENCY = minimal;
				TARGETED_DEVICE_FAMILY = "1,2";
				TEST_TARGET_NAME = Passo;
			};
			name = Release;
		};
		2612C0428984EAF236DDDA6B /* Debug */ = {
			isa = XCBuildConfiguration;
			buildSettings = {
				CODE_SIGN_ENTITLEMENTS = PassoShareExtension/PassoShareExtension.entitlements;
				CODE_SIGN_STYLE = Automatic;
				DEVELOPMENT_TEAM = "";
				INFOPLIST_FILE = PassoShareExtension/Info.plist;
				IPHONEOS_DEPLOYMENT_TARGET = 17.0;
				LD_RUNPATH_SEARCH_PATHS = (
					"$(inherited)",
					"@executable_path/Frameworks",
					"@executable_path/../../Frameworks",
				);
				PRODUCT_BUNDLE_IDENTIFIER = com.passo.app.share;
				SDKROOT = iphoneos;
				SWIFT_STRICT_CONCURRENCY = complete;
				SWIFT_VERSION = 6.0;
				TARGETED_DEVICE_FAMILY = "1,2";
			};
			name = Debug;
		};
		3C964148F5CCBB999377ABEF /* Debug */ = {
			isa = XCBuildConfiguration;
			buildSettings = {
				ASSETCATALOG_COMPILER_APPICON_NAME = AppIcon;
				CODE_SIGN_ENTITLEMENTS = Passo/Passo.entitlements;
				CODE_SIGN_IDENTITY = "iPhone Developer";
				INFOPLIST_FILE = Passo/Info.plist;
				IPHONEOS_DEPLOYMENT_TARGET = 17.0;
				LD_RUNPATH_SEARCH_PATHS = (
					"$(inherited)",
					"@executable_path/Frameworks",
				);
				SDKROOT = iphoneos;
				TARGETED_DEVICE_FAMILY = "1,2";
			};
			name = Debug;
		};
		5154AE358A53FB2845C0312B /* Release */ = {
			isa = XCBuildConfiguration;
			buildSettings = {
				CODE_SIGN_ENTITLEMENTS = PassoShareExtension/PassoShareExtension.entitlements;
				CODE_SIGN_STYLE = Automatic;
				DEVELOPMENT_TEAM = "";
				INFOPLIST_FILE = PassoShareExtension/Info.plist;
				IPHONEOS_DEPLOYMENT_TARGET = 17.0;
				LD_RUNPATH_SEARCH_PATHS = (
					"$(inherited)",
					"@executable_path/Frameworks",
					"@executable_path/../../Frameworks",
				);
				PRODUCT_BUNDLE_IDENTIFIER = com.passo.app.share;
				SDKROOT = iphoneos;
				SWIFT_STRICT_CONCURRENCY = complete;
				SWIFT_VERSION = 6.0;
				TARGETED_DEVICE_FAMILY = "1,2";
			};
			name = Release;
		};
		532D036EEC49801BA33EACA9 /* Release */ = {
			isa = XCBuildConfiguration;
			buildSettings = {
				BUNDLE_LOADER = "$(TEST_HOST)";
				GENERATE_INFOPLIST_FILE = YES;
				IPHONEOS_DEPLOYMENT_TARGET = 17.0;
				LD_RUNPATH_SEARCH_PATHS = (
					"$(inherited)",
					"@executable_path/Frameworks",
					"@loader_path/Frameworks",
				);
				PRODUCT_BUNDLE_IDENTIFIER = com.passo.app.tests;
				SDKROOT = iphoneos;
				SWIFT_STRICT_CONCURRENCY = minimal;
				TARGETED_DEVICE_FAMILY = "1,2";
				TEST_HOST = "$(BUILT_PRODUCTS_DIR)/Passo.app/Passo";
			};
			name = Release;
		};
		95B5F2ED6B7D78F8038522B4 /* Debug */ = {
			isa = XCBuildConfiguration;
			buildSettings = {
				ALWAYS_SEARCH_USER_PATHS = NO;
				CLANG_ANALYZER_NONNULL = YES;
				CLANG_ANALYZER_NUMBER_OBJECT_CONVERSION = YES_AGGRESSIVE;
				CLANG_CXX_LANGUAGE_STANDARD = "gnu++14";
				CLANG_CXX_LIBRARY = "libc++";
				CLANG_ENABLE_MODULES = YES;
				CLANG_ENABLE_OBJC_ARC = YES;
				CLANG_ENABLE_OBJC_WEAK = YES;
				CLANG_WARN_BLOCK_CAPTURE_AUTORELEASING = YES;
				CLANG_WARN_BOOL_CONVERSION = YES;
				CLANG_WARN_COMMA = YES;
				CLANG_WARN_CONSTANT_CONVERSION = YES;
				CLANG_WARN_DEPRECATED_OBJC_IMPLEMENTATIONS = YES;
				CLANG_WARN_DIRECT_OBJC_ISA_USAGE = YES_ERROR;
				CLANG_WARN_DOCUMENTATION_COMMENTS = YES;
				CLANG_WARN_EMPTY_BODY = YES;
				CLANG_WARN_ENUM_CONVERSION = YES;
				CLANG_WARN_INFINITE_RECURSION = YES;
				CLANG_WARN_INT_CONVERSION = YES;
				CLANG_WARN_NON_LITERAL_NULL_CONVERSION = YES;
				CLANG_WARN_OBJC_IMPLICIT_RETAIN_SELF = YES;
				CLANG_WARN_OBJC_LITERAL_CONVERSION = YES;
				CLANG_WARN_OBJC_ROOT_CLASS = YES_ERROR;
				CLANG_WARN_QUOTED_INCLUDE_IN_FRAMEWORK_HEADER = YES;
				CLANG_WARN_RANGE_LOOP_ANALYSIS = YES;
				CLANG_WARN_STRICT_PROTOTYPES = YES;
				CLANG_WARN_SUSPICIOUS_MOVE = YES;
				CLANG_WARN_UNGUARDED_AVAILABILITY = YES_AGGRESSIVE;
				CLANG_WARN_UNREACHABLE_CODE = YES;
				CLANG_WARN__DUPLICATE_METHOD_MATCH = YES;
				CODE_SIGN_STYLE = Automatic;
				COPY_PHASE_STRIP = NO;
				DEBUG_INFORMATION_FORMAT = dwarf;
				DEVELOPMENT_TEAM = "";
				ENABLE_PREVIEWS = YES;
				ENABLE_STRICT_OBJC_MSGSEND = YES;
				ENABLE_TESTABILITY = YES;
				GCC_C_LANGUAGE_STANDARD = gnu11;
				GCC_DYNAMIC_NO_PIC = NO;
				GCC_NO_COMMON_BLOCKS = YES;
				GCC_OPTIMIZATION_LEVEL = 0;
				GCC_PREPROCESSOR_DEFINITIONS = (
					"$(inherited)",
					"DEBUG=1",
				);
				GCC_WARN_64_TO_32_BIT_CONVERSION = YES;
				GCC_WARN_ABOUT_RETURN_TYPE = YES_ERROR;
				GCC_WARN_UNDECLARED_SELECTOR = YES;
				GCC_WARN_UNINITIALIZED_AUTOS = YES_AGGRESSIVE;
				GCC_WARN_UNUSED_FUNCTION = YES;
				GCC_WARN_UNUSED_VARIABLE = YES;
				INFOPLIST_FILE = Passo/Info.plist;
				IPHONEOS_DEPLOYMENT_TARGET = 17.0;
				MTL_ENABLE_DEBUG_INFO = INCLUDE_SOURCE;
				MTL_FAST_MATH = YES;
				ONLY_ACTIVE_ARCH = YES;
				PRODUCT_BUNDLE_IDENTIFIER = com.passo.app;
				PRODUCT_NAME = "$(TARGET_NAME)";
				SDKROOT = iphoneos;
				SWIFT_ACTIVE_COMPILATION_CONDITIONS = DEBUG;
				SWIFT_EMIT_LOC_STRINGS = YES;
				SWIFT_OPTIMIZATION_LEVEL = "-Onone";
				SWIFT_STRICT_CONCURRENCY = complete;
				SWIFT_VERSION = 6.0;
				TARGETED_DEVICE_FAMILY = 1;
			};
			name = Debug;
		};
		96C7FC787C3A31255DC5815F /* Release */ = {
			isa = XCBuildConfiguration;
			buildSettings = {
				ASSETCATALOG_COMPILER_APPICON_NAME = AppIcon;
				CODE_SIGN_ENTITLEMENTS = Passo/Passo.entitlements;
				CODE_SIGN_IDENTITY = "iPhone Developer";
				INFOPLIST_FILE = Passo/Info.plist;
				IPHONEOS_DEPLOYMENT_TARGET = 17.0;
				LD_RUNPATH_SEARCH_PATHS = (
					"$(inherited)",
					"@executable_path/Frameworks",
				);
				SDKROOT = iphoneos;
				TARGETED_DEVICE_FAMILY = "1,2";
			};
			name = Release;
		};
		AC0E4D76FE4B48AFEED39D14 /* Release */ = {
			isa = XCBuildConfiguration;
			buildSettings = {
				ALWAYS_SEARCH_USER_PATHS = NO;
				CLANG_ANALYZER_NONNULL = YES;
				CLANG_ANALYZER_NUMBER_OBJECT_CONVERSION = YES_AGGRESSIVE;
				CLANG_CXX_LANGUAGE_STANDARD = "gnu++14";
				CLANG_CXX_LIBRARY = "libc++";
				CLANG_ENABLE_MODULES = YES;
				CLANG_ENABLE_OBJC_ARC = YES;
				CLANG_ENABLE_OBJC_WEAK = YES;
				CLANG_WARN_BLOCK_CAPTURE_AUTORELEASING = YES;
				CLANG_WARN_BOOL_CONVERSION = YES;
				CLANG_WARN_COMMA = YES;
				CLANG_WARN_CONSTANT_CONVERSION = YES;
				CLANG_WARN_DEPRECATED_OBJC_IMPLEMENTATIONS = YES;
				CLANG_WARN_DIRECT_OBJC_ISA_USAGE = YES_ERROR;
				CLANG_WARN_DOCUMENTATION_COMMENTS = YES;
				CLANG_WARN_EMPTY_BODY = YES;
				CLANG_WARN_ENUM_CONVERSION = YES;
				CLANG_WARN_INFINITE_RECURSION = YES;
				CLANG_WARN_INT_CONVERSION = YES;
				CLANG_WARN_NON_LITERAL_NULL_CONVERSION = YES;
				CLANG_WARN_OBJC_IMPLICIT_RETAIN_SELF = YES;
				CLANG_WARN_OBJC_LITERAL_CONVERSION = YES;
				CLANG_WARN_OBJC_ROOT_CLASS = YES_ERROR;
				CLANG_WARN_QUOTED_INCLUDE_IN_FRAMEWORK_HEADER = YES;
				CLANG_WARN_RANGE_LOOP_ANALYSIS = YES;
				CLANG_WARN_STRICT_PROTOTYPES = YES;
				CLANG_WARN_SUSPICIOUS_MOVE = YES;
				CLANG_WARN_UNGUARDED_AVAILABILITY = YES_AGGRESSIVE;
				CLANG_WARN_UNREACHABLE_CODE = YES;
				CLANG_WARN__DUPLICATE_METHOD_MATCH = YES;
				CODE_SIGN_STYLE = Automatic;
				COPY_PHASE_STRIP = NO;
				DEBUG_INFORMATION_FORMAT = "dwarf-with-dsym";
				DEVELOPMENT_TEAM = "";
				ENABLE_NS_ASSERTIONS = NO;
				ENABLE_PREVIEWS = YES;
				ENABLE_STRICT_OBJC_MSGSEND = YES;
				GCC_C_LANGUAGE_STANDARD = gnu11;
				GCC_NO_COMMON_BLOCKS = YES;
				GCC_WARN_64_TO_32_BIT_CONVERSION = YES;
				GCC_WARN_ABOUT_RETURN_TYPE = YES_ERROR;
				GCC_WARN_UNDECLARED_SELECTOR = YES;
				GCC_WARN_UNINITIALIZED_AUTOS = YES_AGGRESSIVE;
				GCC_WARN_UNUSED_FUNCTION = YES;
				GCC_WARN_UNUSED_VARIABLE = YES;
				INFOPLIST_FILE = Passo/Info.plist;
				IPHONEOS_DEPLOYMENT_TARGET = 17.0;
				MTL_ENABLE_DEBUG_INFO = NO;
				MTL_FAST_MATH = YES;
				PRODUCT_BUNDLE_IDENTIFIER = com.passo.app;
				PRODUCT_NAME = "$(TARGET_NAME)";
				SDKROOT = iphoneos;
				SWIFT_COMPILATION_MODE = wholemodule;
				SWIFT_EMIT_LOC_STRINGS = YES;
				SWIFT_OPTIMIZATION_LEVEL = "-O";
				SWIFT_STRICT_CONCURRENCY = complete;
				SWIFT_VERSION = 6.0;
				TARGETED_DEVICE_FAMILY = 1;
			};
			name = Release;
		};
		C35CF40135D06EC5383D21CB /* Debug */ = {
			isa = XCBuildConfiguration;
			buildSettings = {
				BUNDLE_LOADER = "$(TEST_HOST)";
				GENERATE_INFOPLIST_FILE = YES;
				IPHONEOS_DEPLOYMENT_TARGET = 17.0;
				LD_RUNPATH_SEARCH_PATHS = (
					"$(inherited)",
					"@executable_path/Frameworks",
					"@loader_path/Frameworks",
				);
				PRODUCT_BUNDLE_IDENTIFIER = com.passo.app.tests;
				SDKROOT = iphoneos;
				SWIFT_STRICT_CONCURRENCY = minimal;
				TARGETED_DEVICE_FAMILY = "1,2";
				TEST_HOST = "$(BUILT_PRODUCTS_DIR)/Passo.app/Passo";
			};
			name = Debug;
		};
		EAB6E3FC8FDC77146B8E3026 /* Debug */ = {
			isa = XCBuildConfiguration;
			buildSettings = {
				BUNDLE_LOADER = "$(TEST_HOST)";
				GENERATE_INFOPLIST_FILE = YES;
				IPHONEOS_DEPLOYMENT_TARGET = 17.0;
				LD_RUNPATH_SEARCH_PATHS = (
					"$(inherited)",
					"@executable_path/Frameworks",
					"@loader_path/Frameworks",
				);
				PRODUCT_BUNDLE_IDENTIFIER = com.passo.app.uitests;
				SDKROOT = iphoneos;
				SWIFT_STRICT_CONCURRENCY = minimal;
				TARGETED_DEVICE_FAMILY = "1,2";
				TEST_TARGET_NAME = Passo;
			};
			name = Debug;
		};
/* End XCBuildConfiguration section */

/* Begin XCConfigurationList section */
		3F777B85C6A09D636B653D64 /* Build configuration list for PBXNativeTarget "Passo" */ = {
			isa = XCConfigurationList;
			buildConfigurations = (
				3C964148F5CCBB999377ABEF /* Debug */,
				96C7FC787C3A31255DC5815F /* Release */,
			);
			defaultConfigurationIsVisible = 0;
			defaultConfigurationName = Debug;
		};
		48C6DE6E320A5FDC40200609 /* Build configuration list for PBXNativeTarget "PassoUITests" */ = {
			isa = XCConfigurationList;
			buildConfigurations = (
				EAB6E3FC8FDC77146B8E3026 /* Debug */,
				0A3DC522C4596E6A81F5CDA8 /* Release */,
			);
			defaultConfigurationIsVisible = 0;
			defaultConfigurationName = Debug;
		};
		560ECD6ED6E750E0C967E2E3 /* Build configuration list for PBXNativeTarget "PassoTests" */ = {
			isa = XCConfigurationList;
			buildConfigurations = (
				C35CF40135D06EC5383D21CB /* Debug */,
				532D036EEC49801BA33EACA9 /* Release */,
			);
			defaultConfigurationIsVisible = 0;
			defaultConfigurationName = Debug;
		};
		8AB376E796037CF0E4AB6D8C /* Build configuration list for PBXProject "Passo" */ = {
			isa = XCConfigurationList;
			buildConfigurations = (
				95B5F2ED6B7D78F8038522B4 /* Debug */,
				AC0E4D76FE4B48AFEED39D14 /* Release */,
			);
			defaultConfigurationIsVisible = 0;
			defaultConfigurationName = Debug;
		};
		F02EC464140FB64F1E2369A6 /* Build configuration list for PBXNativeTarget "PassoShareExtension" */ = {
			isa = XCConfigurationList;
			buildConfigurations = (
				2612C0428984EAF236DDDA6B /* Debug */,
				5154AE358A53FB2845C0312B /* Release */,
			);
			defaultConfigurationIsVisible = 0;
			defaultConfigurationName = Debug;
		};
/* End XCConfigurationList section */
	};
	rootObject = 94067BF3B1AA1391FB21C835 /* Project object */;
}
